
Microsoft Visual Studio Solution File, Format Version 12.00
# Visual Studio 15
VisualStudioVersion = 15.0.27428.2037
MinimumVisualStudioVersion = 10.0.40219.1
Project("{8BC9CEB8-8B4A-11D0-8D11-00A0C91BC942}") = "SFML_test", "SFML_test\SFML_test.vcxproj", "{EB2D29D1-C575-4622-B0F4-E52619B259DF}"
EndProject
Global
	GlobalSection(SolutionConfigurationPlatforms) = preSolution
		Debug|x64 = Debug|x64
		Debug|x86 = Debug|x86
		Release|x64 = Release|x64
		Release|x86 = Release|x86
	EndGlobalSection
	GlobalSection(ProjectConfigurationPlatforms) = postSolution
		{EB2D29D1-C575-4622-B0F4-E52619B259DF}.Debug|x64.ActiveCfg = Debug|x64
		{EB2D29D1-C575-4622-B0F4-E52619B259DF}.Debug|x64.Build.0 = Debug|x64
		{EB2D29D1-C575-4622-B0F4-E52619B259DF}.Debug|x86.ActiveCfg = Debug|Win32
		{EB2D29D1-C575-4622-B0F4-E52619B259DF}.Debug|x86.Build.0 = Debug|Win32
		{EB2D29D1-C575-4622-B0F4-E52619B259DF}.Release|x64.ActiveCfg = Release|x64
		{EB2D29D1-C575-4622-B0F4-E52619B259DF}.Release|x64.Build.0 = Release|x64
		{EB2D29D1-C575-4622-B0F4-E52619B259DF}.Release|x86.ActiveCfg = Release|Win32
		{EB2D29D1-C575-4622-B0F4-E52619B259DF}.Release|x86.Build.0 = Release|Win32
	EndGlobalSection
	GlobalSection(SolutionProperties) = preSolution
		HideSolutionNode = FALSE
	EndGlobalSection
	GlobalSection(ExtensibilityGlobals) = postSolution
		SolutionGuid = {C1909363-CE04-47F0-82F6-A000A9952447}
	EndGlobalSection
EndGlobal
